
Microsoft Visual Studio Solution File, Format Version 12.00
# Visual Studio 14
VisualStudioVersion = 14.0.23107.0
MinimumVisualStudioVersion = 10.0.40219.1
Project("{8BC9CEB8-8B4A-11D0-8D11-00A0C91BC942}") = "MultiplyBigNum", "MultiplyBigNum\MultiplyBigNum.vcxproj", "{8D848C48-9AB4-4BFB-9C7E-26AB8FE409D7}"
EndProject
Project("{8BC9CEB8-8B4A-11D0-8D11-00A0C91BC942}") = "SavePrincess", "SavePrincess\SavePrincess.vcxproj", "{DC7FA0E8-3EB4-49A8-8517-1B31A7497796}"
EndProject
Project("{8BC9CEB8-8B4A-11D0-8D11-00A0C91BC942}") = "FindKthToTail", "FindKthToTail\FindKthToTail.vcxproj", "{B5CCBF7E-9737-4C37-8583-358BA847F104}"
EndProject
Project("{8BC9CEB8-8B4A-11D0-8D11-00A0C91BC942}") = "StringFilter", "StringFilter\StringFilter.vcxproj", "{77A0981A-77A2-48C9-9B00-5ACDA0943CC4}"
EndProject
Project("{8BC9CEB8-8B4A-11D0-8D11-00A0C91BC942}") = "MonkWater", "MonkWater\MonkWater.vcxproj", "{20A9DFC0-F248-461E-B9FD-D5EA4293AA40}"
EndProject
Project("{8BC9CEB8-8B4A-11D0-8D11-00A0C91BC942}") = "TwoSum", "TwoSum\TwoSum.vcxproj", "{9FE9B4CD-2EAB-4936-91C5-2E584D687EA9}"
EndProject
Global
	GlobalSection(SolutionConfigurationPlatforms) = preSolution
		Debug|x64 = Debug|x64
		Debug|x86 = Debug|x86
		Release|x64 = Release|x64
		Release|x86 = Release|x86
	EndGlobalSection
	GlobalSection(ProjectConfigurationPlatforms) = postSolution
		{8D848C48-9AB4-4BFB-9C7E-26AB8FE409D7}.Debug|x64.ActiveCfg = Debug|x64
		{8D848C48-9AB4-4BFB-9C7E-26AB8FE409D7}.Debug|x64.Build.0 = Debug|x64
		{8D848C48-9AB4-4BFB-9C7E-26AB8FE409D7}.Debug|x86.ActiveCfg = Debug|Win32
		{8D848C48-9AB4-4BFB-9C7E-26AB8FE409D7}.Debug|x86.Build.0 = Debug|Win32
		{8D848C48-9AB4-4BFB-9C7E-26AB8FE409D7}.Release|x64.ActiveCfg = Release|x64
		{8D848C48-9AB4-4BFB-9C7E-26AB8FE409D7}.Release|x64.Build.0 = Release|x64
		{8D848C48-9AB4-4BFB-9C7E-26AB8FE409D7}.Release|x86.ActiveCfg = Release|Win32
		{8D848C48-9AB4-4BFB-9C7E-26AB8FE409D7}.Release|x86.Build.0 = Release|Win32
		{DC7FA0E8-3EB4-49A8-8517-1B31A7497796}.Debug|x64.ActiveCfg = Debug|x64
		{DC7FA0E8-3EB4-49A8-8517-1B31A7497796}.Debug|x64.Build.0 = Debug|x64
		{DC7FA0E8-3EB4-49A8-8517-1B31A7497796}.Debug|x86.ActiveCfg = Debug|Win32
		{DC7FA0E8-3EB4-49A8-8517-1B31A7497796}.Debug|x86.Build.0 = Debug|Win32
		{DC7FA0E8-3EB4-49A8-8517-1B31A7497796}.Release|x64.ActiveCfg = Release|x64
		{DC7FA0E8-3EB4-49A8-8517-1B31A7497796}.Release|x64.Build.0 = Release|x64
		{DC7FA0E8-3EB4-49A8-8517-1B31A7497796}.Release|x86.ActiveCfg = Release|Win32
		{DC7FA0E8-3EB4-49A8-8517-1B31A7497796}.Release|x86.Build.0 = Release|Win32
		{B5CCBF7E-9737-4C37-8583-358BA847F104}.Debug|x64.ActiveCfg = Debug|x64
		{B5CCBF7E-9737-4C37-8583-358BA847F104}.Debug|x64.Build.0 = Debug|x64
		{B5CCBF7E-9737-4C37-8583-358BA847F104}.Debug|x86.ActiveCfg = Debug|Win32
		{B5CCBF7E-9737-4C37-8583-358BA847F104}.Debug|x86.Build.0 = Debug|Win32
		{B5CCBF7E-9737-4C37-8583-358BA847F104}.Release|x64.ActiveCfg = Release|x64
		{B5CCBF7E-9737-4C37-8583-358BA847F104}.Release|x64.Build.0 = Release|x64
		{B5CCBF7E-9737-4C37-8583-358BA847F104}.Release|x86.ActiveCfg = Release|Win32
		{B5CCBF7E-9737-4C37-8583-358BA847F104}.Release|x86.Build.0 = Release|Win32
		{77A0981A-77A2-48C9-9B00-5ACDA0943CC4}.Debug|x64.ActiveCfg = Debug|x64
		{77A0981A-77A2-48C9-9B00-5ACDA0943CC4}.Debug|x64.Build.0 = Debug|x64
		{77A0981A-77A2-48C9-9B00-5ACDA0943CC4}.Debug|x86.ActiveCfg = Debug|Win32
		{77A0981A-77A2-48C9-9B00-5ACDA0943CC4}.Debug|x86.Build.0 = Debug|Win32
		{77A0981A-77A2-48C9-9B00-5ACDA0943CC4}.Release|x64.ActiveCfg = Release|x64
		{77A0981A-77A2-48C9-9B00-5ACDA0943CC4}.Release|x64.Build.0 = Release|x64
		{77A0981A-77A2-48C9-9B00-5ACDA0943CC4}.Release|x86.ActiveCfg = Release|Win32
		{77A0981A-77A2-48C9-9B00-5ACDA0943CC4}.Release|x86.Build.0 = Release|Win32
		{20A9DFC0-F248-461E-B9FD-D5EA4293AA40}.Debug|x64.ActiveCfg = Debug|x64
		{20A9DFC0-F248-461E-B9FD-D5EA4293AA40}.Debug|x64.Build.0 = Debug|x64
		{20A9DFC0-F248-461E-B9FD-D5EA4293AA40}.Debug|x86.ActiveCfg = Debug|Win32
		{20A9DFC0-F248-461E-B9FD-D5EA4293AA40}.Debug|x86.Build.0 = Debug|Win32
		{20A9DFC0-F248-461E-B9FD-D5EA4293AA40}.Release|x64.ActiveCfg = Release|x64
		{20A9DFC0-F248-461E-B9FD-D5EA4293AA40}.Release|x64.Build.0 = Release|x64
		{20A9DFC0-F248-461E-B9FD-D5EA4293AA40}.Release|x86.ActiveCfg = Release|Win32
		{20A9DFC0-F248-461E-B9FD-D5EA4293AA40}.Release|x86.Build.0 = Release|Win32
		{9FE9B4CD-2EAB-4936-91C5-2E584D687EA9}.Debug|x64.ActiveCfg = Debug|x64
		{9FE9B4CD-2EAB-4936-91C5-2E584D687EA9}.Debug|x64.Build.0 = Debug|x64
		{9FE9B4CD-2EAB-4936-91C5-2E584D687EA9}.Debug|x86.ActiveCfg = Debug|Win32
		{9FE9B4CD-2EAB-4936-91C5-2E584D687EA9}.Debug|x86.Build.0 = Debug|Win32
		{9FE9B4CD-2EAB-4936-91C5-2E584D687EA9}.Release|x64.ActiveCfg = Release|x64
		{9FE9B4CD-2EAB-4936-91C5-2E584D687EA9}.Release|x64.Build.0 = Release|x64
		{9FE9B4CD-2EAB-4936-91C5-2E584D687EA9}.Release|x86.ActiveCfg = Release|Win32
		{9FE9B4CD-2EAB-4936-91C5-2E584D687EA9}.Release|x86.Build.0 = Release|Win32
	EndGlobalSection
	GlobalSection(SolutionProperties) = preSolution
		HideSolutionNode = FALSE
	EndGlobalSection
EndGlobal
